<?xml version="1.0" encoding="utf-8"?>
<Project ToolsVersion="4.0" xmlns="http://schemas.microsoft.com/developer/msbuild/2003">
  <ItemGroup>
    <Filter Include="Source Files">
      <UniqueIdentifier>{4FC737F1-C7A5-4376-A066-2A32D752A2FF}</UniqueIdentifier>
      <Extensions>cpp;c;cc;cxx;def;odl;idl;hpj;bat;asm;asmx</Extensions>
    </Filter>
    <Filter Include="Header Files">
      <UniqueIdentifier>{93995380-89BD-4b04-88EB-625FBE52EBFB}</UniqueIdentifier>
      <Extensions>h;hh;hpp;hxx;hm;inl;inc;xsd</Extensions>
    </Filter>
    <Filter Include="Resource Files">
      <UniqueIdentifier>{67DA6AB6-F800-4c08-8B7A-83BB121AAD01}</UniqueIdentifier>
      <Extensions>rc;ico;cur;bmp;dlg;rc2;rct;bin;rgs;gif;jpg;jpeg;jpe;resx;tiff;tif;png;wav;mfcribbon-ms</Extensions>
    </Filter>
  </ItemGroup>
  <ItemGroup>
    <ClCompile Include="libsann\BackPropagation.cpp">
      <Filter>Source Files</Filter>
    </ClCompile>
    <ClCompile Include="libsann\Bias.cpp">
      <Filter>Source Files</Filter>
    </ClCompile>
    <ClCompile Include="libsann\ContextLayer.cpp">
      <Filter>Source Files</Filter>
    </ClCompile>
    <ClCompile Include="libsann\ContextNeuron.cpp">
      <Filter>Source Files</Filter>
    </ClCompile>
    <ClCompile Include="libsann\ElmanMlp.cpp">
      <Filter>Source Files</Filter>
    </ClCompile>
    <ClCompile Include="libsann\FeedForwardLayer.cpp">
      <Filter>Source Files</Filter>
    </ClCompile>
    <ClCompile Include="libsann\InputLayer.cpp">
      <Filter>Source Files</Filter>
    </ClCompile>
    <ClCompile Include="libsann\Kohonenmap.cpp">
      <Filter>Source Files</Filter>
    </ClCompile>
    <ClCompile Include="libsann\LayerBase.cpp">
      <Filter>Source Files</Filter>
    </ClCompile>
    <ClCompile Include="libsann\MAdeline.cpp">
      <Filter>Source Files</Filter>
    </ClCompile>
    <ClCompile Include="libsann\Mlp.cpp">
      <Filter>Source Files</Filter>
    </ClCompile>
    <ClCompile Include="libsann\NetBase.cpp">
      <Filter>Source Files</Filter>
    </ClCompile>
    <ClCompile Include="libsann\Pattern.cpp">
      <Filter>Source Files</Filter>
    </ClCompile>
    <ClCompile Include="libsann\PropagationBase.cpp">
      <Filter>Source Files</Filter>
    </ClCompile>
    <ClCompile Include="libsann\ResilientPropagation.cpp">
      <Filter>Source Files</Filter>
    </ClCompile>
    <ClCompile Include="libsann\SomLearning.cpp">
      <Filter>Source Files</Filter>
    </ClCompile>
    <ClCompile Include="libsann\Trainingset.cpp">
      <Filter>Source Files</Filter>
    </ClCompile>
    <ClCompile Include="libsann\Unit.cpp">
      <Filter>Source Files</Filter>
    </ClCompile>
    <ClCompile Include="libsann\WindrowHoff.cpp">
      <Filter>Source Files</Filter>
    </ClCompile>
    <ClCompile Include="libsann\invoke.cpp">
      <Filter>Source Files</Filter>
    </ClCompile>
    <ClCompile Include="libsann\Kneuron.cpp">
      <Filter>Source Files</Filter>
    </ClCompile>
    <ClCompile Include="libsann\Neuron.cpp">
      <Filter>Source Files</Filter>
    </ClCompile>
    <ClCompile Include="libsann\Som.cpp">
      <Filter>Source Files</Filter>
    </ClCompile>
    <ClCompile Include="libsann\Synapse.cpp">
      <Filter>Source Files</Filter>
    </ClCompile>
    <ClCompile Include="libsann\PropStatsListener.cpp">
      <Filter>Source Files</Filter>
    </ClCompile>
  </ItemGroup>
  <ItemGroup>
    <ClInclude Include="libsann\BackPropagation.h">
      <Filter>Header Files</Filter>
    </ClInclude>
    <ClInclude Include="libsann\Bias.h">
      <Filter>Header Files</Filter>
    </ClInclude>
    <ClInclude Include="libsann\ContextLayer.h">
      <Filter>Header Files</Filter>
    </ClInclude>
    <ClInclude Include="libsann\ContextNeuron.h">
      <Filter>Header Files</Filter>
    </ClInclude>
    <ClInclude Include="libsann\DataNormalization.hpp">
      <Filter>Header Files</Filter>
    </ClInclude>
    <ClInclude Include="libsann\ElmanMlp.h">
      <Filter>Header Files</Filter>
    </ClInclude>
    <ClInclude Include="libsann\FeedForwardLayer.h">
      <Filter>Header Files</Filter>
    </ClInclude>
    <ClInclude Include="libsann\FeedForwardNetwork.h">
      <Filter>Header Files</Filter>
    </ClInclude>
    <ClInclude Include="libsann\InputLayer.h">
      <Filter>Header Files</Filter>
    </ClInclude>
    <ClInclude Include="libsann\InputNeuron.h">
      <Filter>Header Files</Filter>
    </ClInclude>
    <ClInclude Include="libsann\Kohonenmap.h">
      <Filter>Header Files</Filter>
    </ClInclude>
    <ClInclude Include="libsann\LayerBase.h">
      <Filter>Header Files</Filter>
    </ClInclude>
    <ClInclude Include="libsann\MAdeline.h">
      <Filter>Header Files</Filter>
    </ClInclude>
    <ClInclude Include="libsann\Mlp.h">
      <Filter>Header Files</Filter>
    </ClInclude>
    <ClInclude Include="libsann\NetBase.h">
      <Filter>Header Files</Filter>
    </ClInclude>
    <ClInclude Include="libsann\Pattern.h">
      <Filter>Header Files</Filter>
    </ClInclude>
    <ClInclude Include="libsann\PropagationBase.h">
      <Filter>Header Files</Filter>
    </ClInclude>
    <ClInclude Include="libsann\ResilientPropagation.h">
      <Filter>Header Files</Filter>
    </ClInclude>
    <ClInclude Include="libsann\SomLearning.h">
      <Filter>Header Files</Filter>
    </ClInclude>
    <ClInclude Include="libsann\Trainingset.h">
      <Filter>Header Files</Filter>
    </ClInclude>
    <ClInclude Include="libsann\Unit.h">
      <Filter>Header Files</Filter>
    </ClInclude>
    <ClInclude Include="libsann\WindrowHoff.h">
      <Filter>Header Files</Filter>
    </ClInclude>
    <ClInclude Include="libsann\Global.h">
      <Filter>Header Files</Filter>
    </ClInclude>
    <ClInclude Include="libsann\Activation.hpp">
      <Filter>Header Files</Filter>
    </ClInclude>
    <ClInclude Include="libsann\Kneuron.h">
      <Filter>Header Files</Filter>
    </ClInclude>
    <ClInclude Include="libsann\Neuron.h">
      <Filter>Header Files</Filter>
    </ClInclude>
    <ClInclude Include="libsann\Som.h">
      <Filter>Header Files</Filter>
    </ClInclude>
    <ClInclude Include="libsann\Synapse.h">
      <Filter>Header Files</Filter>
    </ClInclude>
    <ClInclude Include="libsann\PropStatsListener.h">
      <Filter>Header Files</Filter>
    </ClInclude>
  </ItemGroup>
</Project>